
Microsoft Visual Studio Solution File, Format Version 12.00
# Visual Studio Version 17
VisualStudioVersion = 17.2.32616.157
MinimumVisualStudioVersion = 10.0.40219.1
Project("{FAE04EC0-301F-11D3-BF4B-00C04F79EFBC}") = "ProjetoAula05", "ProjetoAula05.csproj", "{7455EF76-FD79-424D-91EF-ACC0F01FCE52}"
EndProject
Global
	GlobalSection(SolutionConfigurationPlatforms) = preSolution
		Debug|Any CPU = Debug|Any CPU
		Release|Any CPU = Release|Any CPU
	EndGlobalSection
	GlobalSection(ProjectConfigurationPlatforms) = postSolution
		{7455EF76-FD79-424D-91EF-ACC0F01FCE52}.Debug|Any CPU.ActiveCfg = Debug|Any CPU
		{7455EF76-FD79-424D-91EF-ACC0F01FCE52}.Debug|Any CPU.Build.0 = Debug|Any CPU
		{7455EF76-FD79-424D-91EF-ACC0F01FCE52}.Release|Any CPU.ActiveCfg = Release|Any CPU
		{7455EF76-FD79-424D-91EF-ACC0F01FCE52}.Release|Any CPU.Build.0 = Release|Any CPU
	EndGlobalSection
	GlobalSection(SolutionProperties) = preSolution
		HideSolutionNode = FALSE
	EndGlobalSection
	GlobalSection(ExtensibilityGlobals) = postSolution
		SolutionGuid = {29EF9248-75F1-4CF7-B13C-986A20603A4C}
	EndGlobalSection
EndGlobal
